
Microsoft Visual Studio Solution File, Format Version 12.00
# Visual Studio Version 17
VisualStudioVersion = 17.8.34316.72
MinimumVisualStudioVersion = 10.0.40219.1
Project("{FAE04EC0-301F-11D3-BF4B-00C04F79EFBC}") = "laboratorio_listas", "laboratorio_listas.csproj", "{394C9F02-8F4A-4C62-AE93-E6E5FAC68CA9}"
EndProject
Global
	GlobalSection(SolutionConfigurationPlatforms) = preSolution
		Debug|Any CPU = Debug|Any CPU
		Release|Any CPU = Release|Any CPU
	EndGlobalSection
	GlobalSection(ProjectConfigurationPlatforms) = postSolution
		{394C9F02-8F4A-4C62-AE93-E6E5FAC68CA9}.Debug|Any CPU.ActiveCfg = Debug|Any CPU
		{394C9F02-8F4A-4C62-AE93-E6E5FAC68CA9}.Debug|Any CPU.Build.0 = Debug|Any CPU
		{394C9F02-8F4A-4C62-AE93-E6E5FAC68CA9}.Release|Any CPU.ActiveCfg = Release|Any CPU
		{394C9F02-8F4A-4C62-AE93-E6E5FAC68CA9}.Release|Any CPU.Build.0 = Release|Any CPU
	EndGlobalSection
	GlobalSection(SolutionProperties) = preSolution
		HideSolutionNode = FALSE
	EndGlobalSection
	GlobalSection(ExtensibilityGlobals) = postSolution
		SolutionGuid = {4693F1B3-91A5-4BED-AE13-A92404E2C9FE}
	EndGlobalSection
EndGlobal
